// !$*UTF8*$!
{
	archiveVersion = 1;
	classes = {
	};
	objectVersion = 50;
	objects = {

/* Begin PBXBuildFile section */
		3F17126027587CF200295C29 /* README.md in Resources */ = {isa = PBXBuildFile; fileRef = 3F17125F27587CF200295C29 /* README.md */; };
		3F1712632758A56200295C29 /* README.md in Resources */ = {isa = PBXBuildFile; fileRef = 3F1712622758A56200295C29 /* README.md */; };
		3F1712652758A57400295C29 /* SquaresofaSortedArray.swift in Sources */ = {isa = PBXBuildFile; fileRef = 3F1712642758A57400295C29 /* SquaresofaSortedArray.swift */; };
		3F1712682758F4CD00295C29 /* README.md in Resources */ = {isa = PBXBuildFile; fileRef = 3F1712672758F4CD00295C29 /* README.md */; };
		3F1E1BB9274F826D00E0A7A9 /* README.md in Resources */ = {isa = PBXBuildFile; fileRef = 3F1E1BB8274F826D00E0A7A9 /* README.md */; };
		3F1E1BBB274F82AC00E0A7A9 /* MergeTwoSortedLists.swift in Sources */ = {isa = PBXBuildFile; fileRef = 3F1E1BBA274F82AC00E0A7A9 /* MergeTwoSortedLists.swift */; };
		3F1E1BBD2750840D00E0A7A9 /* MergeTwoLists.gif in Resources */ = {isa = PBXBuildFile; fileRef = 3F1E1BBC2750840D00E0A7A9 /* MergeTwoLists.gif */; };
		3F1E1BE227526D4F00E0A7A9 /* SwapNodesinPairs.swift in Sources */ = {isa = PBXBuildFile; fileRef = 3F1E1BE127526D4F00E0A7A9 /* SwapNodesinPairs.swift */; };
		3F1E1BE427526D6000E0A7A9 /* README.md in Resources */ = {isa = PBXBuildFile; fileRef = 3F1E1BE327526D6000E0A7A9 /* README.md */; };
		3F1E1BE7275346C800E0A7A9 /* SortList.swift in Sources */ = {isa = PBXBuildFile; fileRef = 3F1E1BE6275346C800E0A7A9 /* SortList.swift */; };
		3F1E1BE9275346D500E0A7A9 /* README.md in Resources */ = {isa = PBXBuildFile; fileRef = 3F1E1BE8275346D500E0A7A9 /* README.md */; };
		3F1E1BEC2753495E00E0A7A9 /* MiddleoftheLinkedList.swift in Sources */ = {isa = PBXBuildFile; fileRef = 3F1E1BEB2753495E00E0A7A9 /* MiddleoftheLinkedList.swift */; };
		3F1E1BEE2753496900E0A7A9 /* README.md in Resources */ = {isa = PBXBuildFile; fileRef = 3F1E1BED2753496900E0A7A9 /* README.md */; };
		3F1E1BF827534EBF00E0A7A9 /* leetcodeTests.swift in Sources */ = {isa = PBXBuildFile; fileRef = 3F1E1BF727534EBF00E0A7A9 /* leetcodeTests.swift */; };
		3F1E1C00275378F100E0A7A9 /* ListNode.swift in Sources */ = {isa = PBXBuildFile; fileRef = 3F1E1BFF275378F100E0A7A9 /* ListNode.swift */; };
		3F326B45275670FF004F27C5 /* 最长回文串.jpg in Resources */ = {isa = PBXBuildFile; fileRef = 3F326B44275670FF004F27C5 /* 最长回文串.jpg */; };
		3F3BD1D9275A085100FBE743 /* README.md in Resources */ = {isa = PBXBuildFile; fileRef = 3F3BD1D8275A085100FBE743 /* README.md */; };
		3F3BD1DB275A0FAF00FBE743 /* MoveZeroes.swift in Sources */ = {isa = PBXBuildFile; fileRef = 3F3BD1DA275A0FAF00FBE743 /* MoveZeroes.swift */; };
		3F3BD1DE275A19DA00FBE743 /* README.md in Resources */ = {isa = PBXBuildFile; fileRef = 3F3BD1DD275A19DA00FBE743 /* README.md */; };
		3F3BD1E0275A1A0300FBE743 /* 0167.TwoSumInputArray.swift in Sources */ = {isa = PBXBuildFile; fileRef = 3F3BD1DF275A1A0300FBE743 /* 0167.TwoSumInputArray.swift */; };
		3F3BE4B626E8B2F000632503 /* README.md in Resources */ = {isa = PBXBuildFile; fileRef = 3F3BE4B526E8B2F000632503 /* README.md */; };
		3F3BE4B826E8B31800632503 /* ReverseLinkedList.swift in Sources */ = {isa = PBXBuildFile; fileRef = 3F3BE4B726E8B31800632503 /* ReverseLinkedList.swift */; };
		3F3C8E1C26EA08A100E419C2 /* README.md in Resources */ = {isa = PBXBuildFile; fileRef = 3F3C8E1B26EA08A100E419C2 /* README.md */; };
		3F3C8E1E26EA08CD00E419C2 /* 94. BinaryTreeInorderTraversal.swift in Sources */ = {isa = PBXBuildFile; fileRef = 3F3C8E1D26EA08CD00E419C2 /* 94. BinaryTreeInorderTraversal.swift */; };
		3F3C8E2126EE4B9600E419C2 /* README.md in Resources */ = {isa = PBXBuildFile; fileRef = 3F3C8E2026EE4B9600E419C2 /* README.md */; };
		3F3C8E2326EE4CAC00E419C2 /* ThreeSum.swift in Sources */ = {isa = PBXBuildFile; fileRef = 3F3C8E2226EE4CAC00E419C2 /* ThreeSum.swift */; };
		3F413992269DE66E0094800A /* RepeatNumber.swift in Sources */ = {isa = PBXBuildFile; fileRef = 3F413991269DE66E0094800A /* RepeatNumber.swift */; };
		3F413996269DEEAE0094800A /* FindDuplicates.swift in Sources */ = {isa = PBXBuildFile; fileRef = 3F413995269DEEAE0094800A /* FindDuplicates.swift */; };
		3F413999269DF4450094800A /* InvertTree.swift in Sources */ = {isa = PBXBuildFile; fileRef = 3F413998269DF4450094800A /* InvertTree.swift */; };
		3F81B53C269E97A4007C996F /* LongestPalindromicSubstring.swift in Sources */ = {isa = PBXBuildFile; fileRef = 3F81B53B269E97A4007C996F /* LongestPalindromicSubstring.swift */; };
		3F948B6A275DF30E00DE9132 /* README.md in Resources */ = {isa = PBXBuildFile; fileRef = 3F948B69275DF30E00DE9132 /* README.md */; };
		3F948B6C275DF3D400DE9132 /* LongestSubstringWithoutRepeatingCharacters.swift in Sources */ = {isa = PBXBuildFile; fileRef = 3F948B6B275DF3D400DE9132 /* LongestSubstringWithoutRepeatingCharacters.swift */; };
		3F948B6F275E521300DE9132 /* README.md in Resources */ = {isa = PBXBuildFile; fileRef = 3F948B6E275E521300DE9132 /* README.md */; };
		3F948B71275E601D00DE9132 /* PermutationinString.swift in Sources */ = {isa = PBXBuildFile; fileRef = 3F948B70275E601D00DE9132 /* PermutationinString.swift */; };
		3F9D5D6D275D05D7009F4D0C /* README.md in Resources */ = {isa = PBXBuildFile; fileRef = 3F9D5D6C275D05D7009F4D0C /* README.md */; };
		3F9D5D6F275D0623009F4D0C /* RemoveNthNodeEndList.swift in Sources */ = {isa = PBXBuildFile; fileRef = 3F9D5D6E275D0623009F4D0C /* RemoveNthNodeEndList.swift */; };
		3F9E1DEF2758FB23000B88CC /* RotateArray.swift in Sources */ = {isa = PBXBuildFile; fileRef = 3F9E1DEE2758FB22000B88CC /* RotateArray.swift */; };
		3FB5D428272EF5E9007EDB71 /* README.md in Resources */ = {isa = PBXBuildFile; fileRef = 3FB5D427272EF5E9007EDB71 /* README.md */; };
		3FB5D42A272EF812007EDB71 /* MaximumSubarray.swift in Sources */ = {isa = PBXBuildFile; fileRef = 3FB5D429272EF812007EDB71 /* MaximumSubarray.swift */; };
		3FB7159F27574FFD005A4176 /* README.md in Resources */ = {isa = PBXBuildFile; fileRef = 3FB7159E27574FFD005A4176 /* README.md */; };
		3FB715A127575046005A4176 /* BinarySearch.swift in Sources */ = {isa = PBXBuildFile; fileRef = 3FB715A027575046005A4176 /* BinarySearch.swift */; };
		3FB715A427576ED9005A4176 /* README.md in Resources */ = {isa = PBXBuildFile; fileRef = 3FB715A327576ED9005A4176 /* README.md */; };
		3FB715A62757BFA4005A4176 /* FirstBadVersion.swift in Sources */ = {isa = PBXBuildFile; fileRef = 3FB715A52757BFA4005A4176 /* FirstBadVersion.swift */; };
		3FB715A92757C665005A4176 /* SearchInsertPosition.swift in Sources */ = {isa = PBXBuildFile; fileRef = 3FB715A82757C665005A4176 /* SearchInsertPosition.swift */; };
		3FB9056E272AF26C002B9A13 /* NQueens.swift in Sources */ = {isa = PBXBuildFile; fileRef = 3FB9056D272AF26B002B9A13 /* NQueens.swift */; };
		3FB90570272AF284002B9A13 /* README.md in Resources */ = {isa = PBXBuildFile; fileRef = 3FB9056F272AF284002B9A13 /* README.md */; };
		3FBA3682269C1E270082BED9 /* AppDelegate.swift in Sources */ = {isa = PBXBuildFile; fileRef = 3FBA3681269C1E270082BED9 /* AppDelegate.swift */; };
		3FBA3684269C1E270082BED9 /* SceneDelegate.swift in Sources */ = {isa = PBXBuildFile; fileRef = 3FBA3683269C1E270082BED9 /* SceneDelegate.swift */; };
		3FBA3686269C1E270082BED9 /* ViewController.swift in Sources */ = {isa = PBXBuildFile; fileRef = 3FBA3685269C1E270082BED9 /* ViewController.swift */; };
		3FBA3689269C1E270082BED9 /* Main.storyboard in Resources */ = {isa = PBXBuildFile; fileRef = 3FBA3687269C1E270082BED9 /* Main.storyboard */; };
		3FBA368B269C1E2A0082BED9 /* Assets.xcassets in Resources */ = {isa = PBXBuildFile; fileRef = 3FBA368A269C1E2A0082BED9 /* Assets.xcassets */; };
		3FBA368E269C1E2A0082BED9 /* LaunchScreen.storyboard in Resources */ = {isa = PBXBuildFile; fileRef = 3FBA368C269C1E2A0082BED9 /* LaunchScreen.storyboard */; };
		3FBA3697269C1E7D0082BED9 /* README.md in Resources */ = {isa = PBXBuildFile; fileRef = 3FBA3696269C1E7D0082BED9 /* README.md */; };
		3FBA3699269C1EF80082BED9 /* TwoSum.swift in Sources */ = {isa = PBXBuildFile; fileRef = 3FBA3698269C1EF80082BED9 /* TwoSum.swift */; };
		3FBA369C269C27B40082BED9 /* IntersectionofTwoLinkedLists.swift in Sources */ = {isa = PBXBuildFile; fileRef = 3FBA369B269C27B40082BED9 /* IntersectionofTwoLinkedLists.swift */; };
		3FBA369E269C27BB0082BED9 /* README.md in Resources */ = {isa = PBXBuildFile; fileRef = 3FBA369D269C27BB0082BED9 /* README.md */; };
		3FBA36A1269C2DB90082BED9 /* README.md in Resources */ = {isa = PBXBuildFile; fileRef = 3FBA36A0269C2DB90082BED9 /* README.md */; };
		3FDCF4CE274CE8C5004FCFB6 /* 0105.ConstructBinaryTreefromPreorderandInorderTraversal.swift in Sources */ = {isa = PBXBuildFile; fileRef = 3FDCF4CD274CE8C5004FCFB6 /* 0105.ConstructBinaryTreefromPreorderandInorderTraversal.swift */; };
		3FDCF4D0274CE8EE004FCFB6 /* README.md in Resources */ = {isa = PBXBuildFile; fileRef = 3FDCF4CF274CE8EE004FCFB6 /* README.md */; };
		3FDCF4D3274D3341004FCFB6 /* ConstructBinaryTreeInorderPostorder.swift in Sources */ = {isa = PBXBuildFile; fileRef = 3FDCF4D2274D3341004FCFB6 /* ConstructBinaryTreeInorderPostorder.swift */; };
		3FDCF4D5274D3371004FCFB6 /* README.md in Resources */ = {isa = PBXBuildFile; fileRef = 3FDCF4D4274D3371004FCFB6 /* README.md */; };
		3FE9A0A9275BB2A40069668D /* ReverseString.swift in Sources */ = {isa = PBXBuildFile; fileRef = 3FE9A0A8275BB2A40069668D /* ReverseString.swift */; };
		3FE9A0AC275BB39B0069668D /* README.md in Resources */ = {isa = PBXBuildFile; fileRef = 3FE9A0AB275BB39B0069668D /* README.md */; };
		3FE9A0AF275BB4BC0069668D /* ReverseWordsinStringIII.swift in Sources */ = {isa = PBXBuildFile; fileRef = 3FE9A0AE275BB4BC0069668D /* ReverseWordsinStringIII.swift */; };
		3FE9A0B1275BBB0D0069668D /* README.md in Resources */ = {isa = PBXBuildFile; fileRef = 3FE9A0B0275BBB0C0069668D /* README.md */; };
		3FEC954C2755043E00CCD88E /* MergeSortedArray.swift in Sources */ = {isa = PBXBuildFile; fileRef = 3FEC954B2755043E00CCD88E /* MergeSortedArray.swift */; };
		3FEC954E2755046500CCD88E /* README.md in Resources */ = {isa = PBXBuildFile; fileRef = 3FEC954D2755046500CCD88E /* README.md */; };
/* End PBXBuildFile section */

/* Begin PBXContainerItemProxy section */
		3F1E1BFA27534EBF00E0A7A9 /* PBXContainerItemProxy */ = {
			isa = PBXContainerItemProxy;
			containerPortal = 3FBA3676269C1E260082BED9 /* Project object */;
			proxyType = 1;
			remoteGlobalIDString = 3FBA367D269C1E270082BED9;
			remoteInfo = leetcode;
		};
/* End PBXContainerItemProxy section */

/* Begin PBXFileReference section */
		3F17125F27587CF200295C29 /* README.md */ = {isa = PBXFileReference; fileEncoding = 4; lastKnownFileType = net.daringfireball.markdown; path = README.md; sourceTree = "<group>"; };
		3F1712622758A56200295C29 /* README.md */ = {isa = PBXFileReference; fileEncoding = 4; lastKnownFileType = net.daringfireball.markdown; path = README.md; sourceTree = "<group>"; };
		3F1712642758A57400295C29 /* SquaresofaSortedArray.swift */ = {isa = PBXFileReference; lastKnownFileType = sourcecode.swift; path = SquaresofaSortedArray.swift; sourceTree = "<group>"; };
		3F1712672758F4CD00295C29 /* README.md */ = {isa = PBXFileReference; fileEncoding = 4; lastKnownFileType = net.daringfireball.markdown; path = README.md; sourceTree = "<group>"; };
		3F1E1BB8274F826D00E0A7A9 /* README.md */ = {isa = PBXFileReference; fileEncoding = 4; lastKnownFileType = net.daringfireball.markdown; path = README.md; sourceTree = "<group>"; };
		3F1E1BBA274F82AC00E0A7A9 /* MergeTwoSortedLists.swift */ = {isa = PBXFileReference; lastKnownFileType = sourcecode.swift; path = MergeTwoSortedLists.swift; sourceTree = "<group>"; };
		3F1E1BBC2750840D00E0A7A9 /* MergeTwoLists.gif */ = {isa = PBXFileReference; lastKnownFileType = image.gif; path = MergeTwoLists.gif; sourceTree = "<group>"; };
		3F1E1BE127526D4F00E0A7A9 /* SwapNodesinPairs.swift */ = {isa = PBXFileReference; lastKnownFileType = sourcecode.swift; path = SwapNodesinPairs.swift; sourceTree = "<group>"; };
		3F1E1BE327526D6000E0A7A9 /* README.md */ = {isa = PBXFileReference; fileEncoding = 4; lastKnownFileType = net.daringfireball.markdown; path = README.md; sourceTree = "<group>"; };
		3F1E1BE6275346C800E0A7A9 /* SortList.swift */ = {isa = PBXFileReference; lastKnownFileType = sourcecode.swift; path = SortList.swift; sourceTree = "<group>"; };
		3F1E1BE8275346D500E0A7A9 /* README.md */ = {isa = PBXFileReference; fileEncoding = 4; lastKnownFileType = net.daringfireball.markdown; path = README.md; sourceTree = "<group>"; };
		3F1E1BEB2753495E00E0A7A9 /* MiddleoftheLinkedList.swift */ = {isa = PBXFileReference; lastKnownFileType = sourcecode.swift; path = MiddleoftheLinkedList.swift; sourceTree = "<group>"; };
		3F1E1BED2753496900E0A7A9 /* README.md */ = {isa = PBXFileReference; fileEncoding = 4; lastKnownFileType = net.daringfireball.markdown; path = README.md; sourceTree = "<group>"; };
		3F1E1BF527534EBE00E0A7A9 /* leetcodeTests.xctest */ = {isa = PBXFileReference; explicitFileType = wrapper.cfbundle; includeInIndex = 0; path = leetcodeTests.xctest; sourceTree = BUILT_PRODUCTS_DIR; };
		3F1E1BF727534EBF00E0A7A9 /* leetcodeTests.swift */ = {isa = PBXFileReference; lastKnownFileType = sourcecode.swift; path = leetcodeTests.swift; sourceTree = "<group>"; };
		3F1E1BF927534EBF00E0A7A9 /* Info.plist */ = {isa = PBXFileReference; lastKnownFileType = text.plist.xml; path = Info.plist; sourceTree = "<group>"; };
		3F1E1BFF275378F100E0A7A9 /* ListNode.swift */ = {isa = PBXFileReference; lastKnownFileType = sourcecode.swift; path = ListNode.swift; sourceTree = "<group>"; };
		3F326B44275670FF004F27C5 /* 最长回文串.jpg */ = {isa = PBXFileReference; lastKnownFileType = image.jpeg; path = "最长回文串.jpg"; sourceTree = "<group>"; };
		3F3BD1D8275A085100FBE743 /* README.md */ = {isa = PBXFileReference; fileEncoding = 4; lastKnownFileType = net.daringfireball.markdown; path = README.md; sourceTree = "<group>"; };
		3F3BD1DA275A0FAF00FBE743 /* MoveZeroes.swift */ = {isa = PBXFileReference; lastKnownFileType = sourcecode.swift; path = MoveZeroes.swift; sourceTree = "<group>"; };
		3F3BD1DD275A19DA00FBE743 /* README.md */ = {isa = PBXFileReference; fileEncoding = 4; lastKnownFileType = net.daringfireball.markdown; path = README.md; sourceTree = "<group>"; };
		3F3BD1DF275A1A0300FBE743 /* 0167.TwoSumInputArray.swift */ = {isa = PBXFileReference; lastKnownFileType = sourcecode.swift; path = 0167.TwoSumInputArray.swift; sourceTree = "<group>"; };
		3F3BE4B526E8B2F000632503 /* README.md */ = {isa = PBXFileReference; fileEncoding = 4; lastKnownFileType = net.daringfireball.markdown; path = README.md; sourceTree = "<group>"; };
		3F3BE4B726E8B31800632503 /* ReverseLinkedList.swift */ = {isa = PBXFileReference; lastKnownFileType = sourcecode.swift; path = ReverseLinkedList.swift; sourceTree = "<group>"; };
		3F3C8E1B26EA08A100E419C2 /* README.md */ = {isa = PBXFileReference; fileEncoding = 4; lastKnownFileType = net.daringfireball.markdown; path = README.md; sourceTree = "<group>"; };
		3F3C8E1D26EA08CD00E419C2 /* 94. BinaryTreeInorderTraversal.swift */ = {isa = PBXFileReference; lastKnownFileType = sourcecode.swift; path = "94. BinaryTreeInorderTraversal.swift"; sourceTree = "<group>"; };
		3F3C8E2026EE4B9600E419C2 /* README.md */ = {isa = PBXFileReference; fileEncoding = 4; lastKnownFileType = net.daringfireball.markdown; path = README.md; sourceTree = "<group>"; };
		3F3C8E2226EE4CAC00E419C2 /* ThreeSum.swift */ = {isa = PBXFileReference; lastKnownFileType = sourcecode.swift; path = ThreeSum.swift; sourceTree = "<group>"; };
		3F413991269DE66E0094800A /* RepeatNumber.swift */ = {isa = PBXFileReference; lastKnownFileType = sourcecode.swift; path = RepeatNumber.swift; sourceTree = "<group>"; };
		3F413994269DED2F0094800A /* README.md */ = {isa = PBXFileReference; lastKnownFileType = net.daringfireball.markdown; path = README.md; sourceTree = "<group>"; };
		3F413995269DEEAE0094800A /* FindDuplicates.swift */ = {isa = PBXFileReference; lastKnownFileType = sourcecode.swift; path = FindDuplicates.swift; sourceTree = "<group>"; };
		3F413998269DF4450094800A /* InvertTree.swift */ = {isa = PBXFileReference; lastKnownFileType = sourcecode.swift; path = InvertTree.swift; sourceTree = "<group>"; };
		3F41399A269DF4B80094800A /* README.md */ = {isa = PBXFileReference; lastKnownFileType = net.daringfireball.markdown; path = README.md; sourceTree = "<group>"; };
		3F81B53A269E8C39007C996F /* README.md */ = {isa = PBXFileReference; lastKnownFileType = net.daringfireball.markdown; path = README.md; sourceTree = "<group>"; };
		3F81B53B269E97A4007C996F /* LongestPalindromicSubstring.swift */ = {isa = PBXFileReference; lastKnownFileType = sourcecode.swift; path = LongestPalindromicSubstring.swift; sourceTree = "<group>"; };
		3F948B69275DF30E00DE9132 /* README.md */ = {isa = PBXFileReference; fileEncoding = 4; lastKnownFileType = net.daringfireball.markdown; path = README.md; sourceTree = "<group>"; };
		3F948B6B275DF3D400DE9132 /* LongestSubstringWithoutRepeatingCharacters.swift */ = {isa = PBXFileReference; lastKnownFileType = sourcecode.swift; path = LongestSubstringWithoutRepeatingCharacters.swift; sourceTree = "<group>"; };
		3F948B6E275E521300DE9132 /* README.md */ = {isa = PBXFileReference; fileEncoding = 4; lastKnownFileType = net.daringfireball.markdown; path = README.md; sourceTree = "<group>"; };
		3F948B70275E601D00DE9132 /* PermutationinString.swift */ = {isa = PBXFileReference; lastKnownFileType = sourcecode.swift; path = PermutationinString.swift; sourceTree = "<group>"; };
		3F9D5D6C275D05D7009F4D0C /* README.md */ = {isa = PBXFileReference; fileEncoding = 4; lastKnownFileType = net.daringfireball.markdown; path = README.md; sourceTree = "<group>"; };
		3F9D5D6E275D0623009F4D0C /* RemoveNthNodeEndList.swift */ = {isa = PBXFileReference; lastKnownFileType = sourcecode.swift; path = RemoveNthNodeEndList.swift; sourceTree = "<group>"; };
		3F9E1DEE2758FB22000B88CC /* RotateArray.swift */ = {isa = PBXFileReference; lastKnownFileType = sourcecode.swift; path = RotateArray.swift; sourceTree = "<group>"; };
		3FB5D427272EF5E9007EDB71 /* README.md */ = {isa = PBXFileReference; fileEncoding = 4; lastKnownFileType = net.daringfireball.markdown; path = README.md; sourceTree = "<group>"; };
		3FB5D429272EF812007EDB71 /* MaximumSubarray.swift */ = {isa = PBXFileReference; lastKnownFileType = sourcecode.swift; path = MaximumSubarray.swift; sourceTree = "<group>"; };
		3FB7159E27574FFD005A4176 /* README.md */ = {isa = PBXFileReference; fileEncoding = 4; lastKnownFileType = net.daringfireball.markdown; path = README.md; sourceTree = "<group>"; };
		3FB715A027575046005A4176 /* BinarySearch.swift */ = {isa = PBXFileReference; lastKnownFileType = sourcecode.swift; path = BinarySearch.swift; sourceTree = "<group>"; };
		3FB715A327576ED9005A4176 /* README.md */ = {isa = PBXFileReference; fileEncoding = 4; lastKnownFileType = net.daringfireball.markdown; path = README.md; sourceTree = "<group>"; };
		3FB715A52757BFA4005A4176 /* FirstBadVersion.swift */ = {isa = PBXFileReference; lastKnownFileType = sourcecode.swift; path = FirstBadVersion.swift; sourceTree = "<group>"; };
		3FB715A82757C665005A4176 /* SearchInsertPosition.swift */ = {isa = PBXFileReference; lastKnownFileType = sourcecode.swift; path = SearchInsertPosition.swift; sourceTree = "<group>"; };
		3FB9056D272AF26B002B9A13 /* NQueens.swift */ = {isa = PBXFileReference; lastKnownFileType = sourcecode.swift; path = NQueens.swift; sourceTree = "<group>"; };
		3FB9056F272AF284002B9A13 /* README.md */ = {isa = PBXFileReference; fileEncoding = 4; lastKnownFileType = net.daringfireball.markdown; path = README.md; sourceTree = "<group>"; };
		3FBA367E269C1E270082BED9 /* leetcode.app */ = {isa = PBXFileReference; explicitFileType = wrapper.application; includeInIndex = 0; path = leetcode.app; sourceTree = BUILT_PRODUCTS_DIR; };
		3FBA3681269C1E270082BED9 /* AppDelegate.swift */ = {isa = PBXFileReference; lastKnownFileType = sourcecode.swift; path = AppDelegate.swift; sourceTree = "<group>"; };
		3FBA3683269C1E270082BED9 /* SceneDelegate.swift */ = {isa = PBXFileReference; lastKnownFileType = sourcecode.swift; path = SceneDelegate.swift; sourceTree = "<group>"; };
		3FBA3685269C1E270082BED9 /* ViewController.swift */ = {isa = PBXFileReference; lastKnownFileType = sourcecode.swift; path = ViewController.swift; sourceTree = "<group>"; };
		3FBA3688269C1E270082BED9 /* Base */ = {isa = PBXFileReference; lastKnownFileType = file.storyboard; name = Base; path = Base.lproj/Main.storyboard; sourceTree = "<group>"; };
		3FBA368A269C1E2A0082BED9 /* Assets.xcassets */ = {isa = PBXFileReference; lastKnownFileType = folder.assetcatalog; path = Assets.xcassets; sourceTree = "<group>"; };
		3FBA368D269C1E2A0082BED9 /* Base */ = {isa = PBXFileReference; lastKnownFileType = file.storyboard; name = Base; path = Base.lproj/LaunchScreen.storyboard; sourceTree = "<group>"; };
		3FBA368F269C1E2A0082BED9 /* Info.plist */ = {isa = PBXFileReference; lastKnownFileType = text.plist.xml; path = Info.plist; sourceTree = "<group>"; };
		3FBA3696269C1E7D0082BED9 /* README.md */ = {isa = PBXFileReference; fileEncoding = 4; lastKnownFileType = net.daringfireball.markdown; path = README.md; sourceTree = "<group>"; };
		3FBA3698269C1EF80082BED9 /* TwoSum.swift */ = {isa = PBXFileReference; lastKnownFileType = sourcecode.swift; path = TwoSum.swift; sourceTree = "<group>"; };
		3FBA369B269C27B40082BED9 /* IntersectionofTwoLinkedLists.swift */ = {isa = PBXFileReference; lastKnownFileType = sourcecode.swift; path = IntersectionofTwoLinkedLists.swift; sourceTree = "<group>"; };
		3FBA369D269C27BB0082BED9 /* README.md */ = {isa = PBXFileReference; fileEncoding = 4; lastKnownFileType = net.daringfireball.markdown; path = README.md; sourceTree = "<group>"; };
		3FBA36A0269C2DB90082BED9 /* README.md */ = {isa = PBXFileReference; fileEncoding = 4; lastKnownFileType = net.daringfireball.markdown; path = README.md; sourceTree = "<group>"; };
		3FDCF4CD274CE8C5004FCFB6 /* 0105.ConstructBinaryTreefromPreorderandInorderTraversal.swift */ = {isa = PBXFileReference; lastKnownFileType = sourcecode.swift; path = 0105.ConstructBinaryTreefromPreorderandInorderTraversal.swift; sourceTree = "<group>"; };
		3FDCF4CF274CE8EE004FCFB6 /* README.md */ = {isa = PBXFileReference; fileEncoding = 4; lastKnownFileType = net.daringfireball.markdown; path = README.md; sourceTree = "<group>"; };
		3FDCF4D2274D3341004FCFB6 /* ConstructBinaryTreeInorderPostorder.swift */ = {isa = PBXFileReference; lastKnownFileType = sourcecode.swift; path = ConstructBinaryTreeInorderPostorder.swift; sourceTree = "<group>"; };
		3FDCF4D4274D3371004FCFB6 /* README.md */ = {isa = PBXFileReference; fileEncoding = 4; lastKnownFileType = net.daringfireball.markdown; path = README.md; sourceTree = "<group>"; };
		3FE9A0A8275BB2A40069668D /* ReverseString.swift */ = {isa = PBXFileReference; lastKnownFileType = sourcecode.swift; path = ReverseString.swift; sourceTree = "<group>"; };
		3FE9A0AB275BB39B0069668D /* README.md */ = {isa = PBXFileReference; fileEncoding = 4; lastKnownFileType = net.daringfireball.markdown; path = README.md; sourceTree = "<group>"; };
		3FE9A0AE275BB4BC0069668D /* ReverseWordsinStringIII.swift */ = {isa = PBXFileReference; lastKnownFileType = sourcecode.swift; path = ReverseWordsinStringIII.swift; sourceTree = "<group>"; };
		3FE9A0B0275BBB0C0069668D /* README.md */ = {isa = PBXFileReference; fileEncoding = 4; lastKnownFileType = net.daringfireball.markdown; path = README.md; sourceTree = "<group>"; };
		3FEC954B2755043E00CCD88E /* MergeSortedArray.swift */ = {isa = PBXFileReference; lastKnownFileType = sourcecode.swift; path = MergeSortedArray.swift; sourceTree = "<group>"; };
		3FEC954D2755046500CCD88E /* README.md */ = {isa = PBXFileReference; fileEncoding = 4; lastKnownFileType = net.daringfireball.markdown; path = README.md; sourceTree = "<group>"; };
/* End PBXFileReference section */

/* Begin PBXFrameworksBuildPhase section */
		3F1E1BF227534EBE00E0A7A9 /* Frameworks */ = {
			isa = PBXFrameworksBuildPhase;
			buildActionMask = 2147483647;
			files = (
			);
			runOnlyForDeploymentPostprocessing = 0;
		};
		3FBA367B269C1E270082BED9 /* Frameworks */ = {
			isa = PBXFrameworksBuildPhase;
			buildActionMask = 2147483647;
			files = (
			);
			runOnlyForDeploymentPostprocessing = 0;
		};
/* End PBXFrameworksBuildPhase section */

/* Begin PBXGroup section */
		3F1712612758A54D00295C29 /* 0977.SquaresofaSortedArray */ = {
			isa = PBXGroup;
			children = (
				3F1712642758A57400295C29 /* SquaresofaSortedArray.swift */,
				3F1712622758A56200295C29 /* README.md */,
			);
			path = 0977.SquaresofaSortedArray;
			sourceTree = "<group>";
		};
		3F1712662758F4AF00295C29 /* 0189.★Rotate-Array */ = {
			isa = PBXGroup;
			children = (
				3F9E1DEE2758FB22000B88CC /* RotateArray.swift */,
				3F1712672758F4CD00295C29 /* README.md */,
			);
			path = "0189.★Rotate-Array";
			sourceTree = "<group>";
		};
		3F1E1BB7274F825000E0A7A9 /* 0021.MergeTwoSortedLists */ = {
			isa = PBXGroup;
			children = (
				3F1E1BBA274F82AC00E0A7A9 /* MergeTwoSortedLists.swift */,
				3F1E1BB8274F826D00E0A7A9 /* README.md */,
				3F1E1BBC2750840D00E0A7A9 /* MergeTwoLists.gif */,
			);
			path = 0021.MergeTwoSortedLists;
			sourceTree = "<group>";
		};
		3F1E1BE027526D2A00E0A7A9 /* 0024.SwapNodesinPairs */ = {
			isa = PBXGroup;
			children = (
				3F1E1BE127526D4F00E0A7A9 /* SwapNodesinPairs.swift */,
				3F1E1BE327526D6000E0A7A9 /* README.md */,
			);
			path = 0024.SwapNodesinPairs;
			sourceTree = "<group>";
		};
		3F1E1BE5275346AD00E0A7A9 /* 0148.SortList */ = {
			isa = PBXGroup;
			children = (
				3F1E1BE6275346C800E0A7A9 /* SortList.swift */,
				3F1E1BE8275346D500E0A7A9 /* README.md */,
			);
			path = 0148.SortList;
			sourceTree = "<group>";
		};
		3F1E1BEA2753490200E0A7A9 /* 0876.MiddleoftheLinkedList */ = {
			isa = PBXGroup;
			children = (
				3F1E1BEB2753495E00E0A7A9 /* MiddleoftheLinkedList.swift */,
				3F1E1BED2753496900E0A7A9 /* README.md */,
			);
			path = 0876.MiddleoftheLinkedList;
			sourceTree = "<group>";
		};
		3F1E1BF627534EBF00E0A7A9 /* leetcodeTests */ = {
			isa = PBXGroup;
			children = (
				3F1E1BF727534EBF00E0A7A9 /* leetcodeTests.swift */,
				3F1E1BF927534EBF00E0A7A9 /* Info.plist */,
			);
			path = leetcodeTests;
			sourceTree = "<group>";
		};
		3F3BD1D6275A07E800FBE743 /* 0283.Move-Zeroes */ = {
			isa = PBXGroup;
			children = (
				3F3BD1DA275A0FAF00FBE743 /* MoveZeroes.swift */,
				3F3BD1D8275A085100FBE743 /* README.md */,
			);
			path = "0283.Move-Zeroes";
			sourceTree = "<group>";
		};
		3F3BD1DC275A19D100FBE743 /* 0167.Two-Sum-II-Input-array-is-sorted */ = {
			isa = PBXGroup;
			children = (
				3F3BD1DF275A1A0300FBE743 /* 0167.TwoSumInputArray.swift */,
				3F3BD1DD275A19DA00FBE743 /* README.md */,
			);
			path = "0167.Two-Sum-II-Input-array-is-sorted";
			sourceTree = "<group>";
		};
		3F3BE4B426E8B2CB00632503 /* 0206. Reverse Linked List */ = {
			isa = PBXGroup;
			children = (
				3F3BE4B726E8B31800632503 /* ReverseLinkedList.swift */,
				3F3BE4B526E8B2F000632503 /* README.md */,
			);
			path = "0206. Reverse Linked List";
			sourceTree = "<group>";
		};
		3F3C8E1A26EA088F00E419C2 /* 0094.Binary-Tree-Inorder-Traversal */ = {
			isa = PBXGroup;
			children = (
				3F3C8E1D26EA08CD00E419C2 /* 94. BinaryTreeInorderTraversal.swift */,
				3F3C8E1B26EA08A100E419C2 /* README.md */,
			);
			path = "0094.Binary-Tree-Inorder-Traversal";
			sourceTree = "<group>";
		};
		3F3C8E1F26EE4B4B00E419C2 /* 0015.3Sum */ = {
			isa = PBXGroup;
			children = (
				3F3C8E2226EE4CAC00E419C2 /* ThreeSum.swift */,
				3F3C8E2026EE4B9600E419C2 /* README.md */,
			);
			path = 0015.3Sum;
			sourceTree = "<group>";
		};
		3F413993269DECC90094800A /* 0442.FindDuplicates */ = {
			isa = PBXGroup;
			children = (
				3F413995269DEEAE0094800A /* FindDuplicates.swift */,
				3F413994269DED2F0094800A /* README.md */,
			);
			path = 0442.FindDuplicates;
			sourceTree = "<group>";
		};
		3F413997269DF4150094800A /* 0226.翻转二叉树 */ = {
			isa = PBXGroup;
			children = (
				3F413998269DF4450094800A /* InvertTree.swift */,
				3F41399A269DF4B80094800A /* README.md */,
			);
			path = "0226.翻转二叉树";
			sourceTree = "<group>";
		};
		3F81B539269E8C1C007C996F /* 0005.最长回文子串 */ = {
			isa = PBXGroup;
			children = (
				3F81B53B269E97A4007C996F /* LongestPalindromicSubstring.swift */,
				3F81B53A269E8C39007C996F /* README.md */,
				3F326B44275670FF004F27C5 /* 最长回文串.jpg */,
			);
			path = "0005.最长回文子串";
			sourceTree = "<group>";
		};
		3F948B68275DF30100DE9132 /* 0003.★Longest-Substring-Without-Repeating-Characters */ = {
			isa = PBXGroup;
			children = (
				3F948B6B275DF3D400DE9132 /* LongestSubstringWithoutRepeatingCharacters.swift */,
				3F948B69275DF30E00DE9132 /* README.md */,
			);
			path = "0003.★Longest-Substring-Without-Repeating-Characters";
			sourceTree = "<group>";
		};
		3F948B6D275E51DC00DE9132 /* 0567.★Permutation-in-String */ = {
			isa = PBXGroup;
			children = (
				3F948B70275E601D00DE9132 /* PermutationinString.swift */,
				3F948B6E275E521300DE9132 /* README.md */,
			);
			path = "0567.★Permutation-in-String";
			sourceTree = "<group>";
		};
		3F9D5D6B275D0501009F4D0C /* 0019.Remove-Nth-Node-From-End-of-List */ = {
			isa = PBXGroup;
			children = (
				3F9D5D6E275D0623009F4D0C /* RemoveNthNodeEndList.swift */,
				3F9D5D6C275D05D7009F4D0C /* README.md */,
			);
			path = "0019.Remove-Nth-Node-From-End-of-List";
			sourceTree = "<group>";
		};
		3FB5D426272EF556007EDB71 /* 0053.MaximumSubarray */ = {
			isa = PBXGroup;
			children = (
				3FB5D429272EF812007EDB71 /* MaximumSubarray.swift */,
				3FB5D427272EF5E9007EDB71 /* README.md */,
			);
			path = 0053.MaximumSubarray;
			sourceTree = "<group>";
		};
		3FB7159D27574FC3005A4176 /* 0704.BinarySearch */ = {
			isa = PBXGroup;
			children = (
				3FB715A027575046005A4176 /* BinarySearch.swift */,
				3FB7159E27574FFD005A4176 /* README.md */,
			);
			path = 0704.BinarySearch;
			sourceTree = "<group>";
		};
		3FB715A227576ECB005A4176 /* 0278.FirstBadVersion */ = {
			isa = PBXGroup;
			children = (
				3FB715A52757BFA4005A4176 /* FirstBadVersion.swift */,
				3FB715A327576ED9005A4176 /* README.md */,
			);
			path = 0278.FirstBadVersion;
			sourceTree = "<group>";
		};
		3FB715A72757C64C005A4176 /* 0035.SearchInsertPosition */ = {
			isa = PBXGroup;
			children = (
				3FB715A82757C665005A4176 /* SearchInsertPosition.swift */,
				3F17125F27587CF200295C29 /* README.md */,
			);
			path = 0035.SearchInsertPosition;
			sourceTree = "<group>";
		};
		3FB9056C272AF237002B9A13 /* 0051.N-Queens */ = {
			isa = PBXGroup;
			children = (
				3FB9056D272AF26B002B9A13 /* NQueens.swift */,
				3FB9056F272AF284002B9A13 /* README.md */,
			);
			path = "0051.N-Queens";
			sourceTree = "<group>";
		};
		3FBA3675269C1E260082BED9 = {
			isa = PBXGroup;
			children = (
				3FBA3680269C1E270082BED9 /* leetcode */,
				3F1E1BF627534EBF00E0A7A9 /* leetcodeTests */,
				3FBA367F269C1E270082BED9 /* Products */,
			);
			sourceTree = "<group>";
		};
		3FBA367F269C1E270082BED9 /* Products */ = {
			isa = PBXGroup;
			children = (
				3FBA367E269C1E270082BED9 /* leetcode.app */,
				3F1E1BF527534EBE00E0A7A9 /* leetcodeTests.xctest */,
			);
			name = Products;
			sourceTree = "<group>";
		};
		3FBA3680269C1E270082BED9 /* leetcode */ = {
			isa = PBXGroup;
			children = (
				3F948B6D275E51DC00DE9132 /* 0567.★Permutation-in-String */,
				3F3BD1DC275A19D100FBE743 /* 0167.Two-Sum-II-Input-array-is-sorted */,
				3FBA3695269C1E410082BED9 /* 0001.Two-Sum */,
				3F948B68275DF30100DE9132 /* 0003.★Longest-Substring-Without-Repeating-Characters */,
				3F81B539269E8C1C007C996F /* 0005.最长回文子串 */,
				3F3C8E1F26EE4B4B00E419C2 /* 0015.3Sum */,
				3F9D5D6B275D0501009F4D0C /* 0019.Remove-Nth-Node-From-End-of-List */,
				3F1E1BB7274F825000E0A7A9 /* 0021.MergeTwoSortedLists */,
				3F1E1BE027526D2A00E0A7A9 /* 0024.SwapNodesinPairs */,
				3FB715A72757C64C005A4176 /* 0035.SearchInsertPosition */,
				3FB9056C272AF237002B9A13 /* 0051.N-Queens */,
				3FB5D426272EF556007EDB71 /* 0053.MaximumSubarray */,
				3FEC954A2755041C00CCD88E /* 0088.MergeSortedArray */,
				3F3C8E1A26EA088F00E419C2 /* 0094.Binary-Tree-Inorder-Traversal */,
				3FDCF4CC274CE87F004FCFB6 /* 0105.Construct-Binary-Tree-from-Preorder-and-Inorder-Traversal */,
				3FDCF4D1274D3322004FCFB6 /* 0106.ConstructBinaryTreeInorderPostorder */,
				3F1E1BE5275346AD00E0A7A9 /* 0148.SortList */,
				3FBA369A269C270D0082BED9 /* 0160.Intersection-of-Two-Linked-Lists */,
				3F1712662758F4AF00295C29 /* 0189.★Rotate-Array */,
				3F3BE4B426E8B2CB00632503 /* 0206. Reverse Linked List */,
				3F413997269DF4150094800A /* 0226.翻转二叉树 */,
				3FB715A227576ECB005A4176 /* 0278.FirstBadVersion */,
				3F3BD1D6275A07E800FBE743 /* 0283.Move-Zeroes */,
				3FE9A0AA275BB2B30069668D /* 0344.Reverse-String */,
				3F413993269DECC90094800A /* 0442.FindDuplicates */,
				3FE9A0AD275BB49E0069668D /* 0557.Reverse-Words-in-a-String-III */,
				3FB7159D27574FC3005A4176 /* 0704.BinarySearch */,
				3F1E1BEA2753490200E0A7A9 /* 0876.MiddleoftheLinkedList */,
				3F1712612758A54D00295C29 /* 0977.SquaresofaSortedArray */,
				3FBA369F269C2D740082BED9 /* 剑指offer03 */,
				3FBA3681269C1E270082BED9 /* AppDelegate.swift */,
				3FBA3683269C1E270082BED9 /* SceneDelegate.swift */,
				3FBA3685269C1E270082BED9 /* ViewController.swift */,
				3FBA3687269C1E270082BED9 /* Main.storyboard */,
				3FBA368A269C1E2A0082BED9 /* Assets.xcassets */,
				3FBA368C269C1E2A0082BED9 /* LaunchScreen.storyboard */,
				3FBA368F269C1E2A0082BED9 /* Info.plist */,
				3F1E1BFF275378F100E0A7A9 /* ListNode.swift */,
			);
			path = leetcode;
			sourceTree = "<group>";
		};
		3FBA3695269C1E410082BED9 /* 0001.Two-Sum */ = {
			isa = PBXGroup;
			children = (
				3FBA3698269C1EF80082BED9 /* TwoSum.swift */,
				3FBA3696269C1E7D0082BED9 /* README.md */,
			);
			path = "0001.Two-Sum";
			sourceTree = "<group>";
		};
		3FBA369A269C270D0082BED9 /* 0160.Intersection-of-Two-Linked-Lists */ = {
			isa = PBXGroup;
			children = (
				3FBA369B269C27B40082BED9 /* IntersectionofTwoLinkedLists.swift */,
				3FBA369D269C27BB0082BED9 /* README.md */,
			);
			path = "0160.Intersection-of-Two-Linked-Lists";
			sourceTree = "<group>";
		};
		3FBA369F269C2D740082BED9 /* 剑指offer03 */ = {
			isa = PBXGroup;
			children = (
				3F413991269DE66E0094800A /* RepeatNumber.swift */,
				3FBA36A0269C2DB90082BED9 /* README.md */,
			);
			path = "剑指offer03";
			sourceTree = "<group>";
		};
		3FDCF4CC274CE87F004FCFB6 /* 0105.Construct-Binary-Tree-from-Preorder-and-Inorder-Traversal */ = {
			isa = PBXGroup;
			children = (
				3FDCF4CD274CE8C5004FCFB6 /* 0105.ConstructBinaryTreefromPreorderandInorderTraversal.swift */,
				3FDCF4CF274CE8EE004FCFB6 /* README.md */,
			);
			path = "0105.Construct-Binary-Tree-from-Preorder-and-Inorder-Traversal";
			sourceTree = "<group>";
		};
		3FDCF4D1274D3322004FCFB6 /* 0106.ConstructBinaryTreeInorderPostorder */ = {
			isa = PBXGroup;
			children = (
				3FDCF4D2274D3341004FCFB6 /* ConstructBinaryTreeInorderPostorder.swift */,
				3FDCF4D4274D3371004FCFB6 /* README.md */,
			);
			path = 0106.ConstructBinaryTreeInorderPostorder;
			sourceTree = "<group>";
		};
		3FE9A0AA275BB2B30069668D /* 0344.Reverse-String */ = {
			isa = PBXGroup;
			children = (
				3FE9A0A8275BB2A40069668D /* ReverseString.swift */,
				3FE9A0AB275BB39B0069668D /* README.md */,
			);
			path = "0344.Reverse-String";
			sourceTree = "<group>";
		};
		3FE9A0AD275BB49E0069668D /* 0557.Reverse-Words-in-a-String-III */ = {
			isa = PBXGroup;
			children = (
				3FE9A0AE275BB4BC0069668D /* ReverseWordsinStringIII.swift */,
				3FE9A0B0275BBB0C0069668D /* README.md */,
			);
			path = "0557.Reverse-Words-in-a-String-III";
			sourceTree = "<group>";
		};
		3FEC954A2755041C00CCD88E /* 0088.MergeSortedArray */ = {
			isa = PBXGroup;
			children = (
				3FEC954B2755043E00CCD88E /* MergeSortedArray.swift */,
				3FEC954D2755046500CCD88E /* README.md */,
			);
			path = 0088.MergeSortedArray;
			sourceTree = "<group>";
		};
/* End PBXGroup section */

/* Begin PBXNativeTarget section */
		3F1E1BF427534EBE00E0A7A9 /* leetcodeTests */ = {
			isa = PBXNativeTarget;
			buildConfigurationList = 3F1E1BFC27534EBF00E0A7A9 /* Build configuration list for PBXNativeTarget "leetcodeTests" */;
			buildPhases = (
				3F1E1BF127534EBE00E0A7A9 /* Sources */,
				3F1E1BF227534EBE00E0A7A9 /* Frameworks */,
				3F1E1BF327534EBE00E0A7A9 /* Resources */,
			);
			buildRules = (
			);
			dependencies = (
				3F1E1BFB27534EBF00E0A7A9 /* PBXTargetDependency */,
			);
			name = leetcodeTests;
			productName = leetcodeTests;
			productReference = 3F1E1BF527534EBE00E0A7A9 /* leetcodeTests.xctest */;
			productType = "com.apple.product-type.bundle.unit-test";
		};
		3FBA367D269C1E270082BED9 /* leetcode */ = {
			isa = PBXNativeTarget;
			buildConfigurationList = 3FBA3692269C1E2A0082BED9 /* Build configuration list for PBXNativeTarget "leetcode" */;
			buildPhases = (
				3FBA367A269C1E270082BED9 /* Sources */,
				3FBA367B269C1E270082BED9 /* Frameworks */,
				3FBA367C269C1E270082BED9 /* Resources */,
			);
			buildRules = (
			);
			dependencies = (
			);
			name = leetcode;
			productName = leetcode;
			productReference = 3FBA367E269C1E270082BED9 /* leetcode.app */;
			productType = "com.apple.product-type.application";
		};
/* End PBXNativeTarget section */

/* Begin PBXProject section */
		3FBA3676269C1E260082BED9 /* Project object */ = {
			isa = PBXProject;
			attributes = {
				DefaultBuildSystemTypeForWorkspace = Original;
				LastSwiftUpdateCheck = 1250;
				LastUpgradeCheck = 1250;
				TargetAttributes = {
					3F1E1BF427534EBE00E0A7A9 = {
						CreatedOnToolsVersion = 12.5.1;
						TestTargetID = 3FBA367D269C1E270082BED9;
					};
					3FBA367D269C1E270082BED9 = {
						CreatedOnToolsVersion = 12.5.1;
					};
				};
			};
			buildConfigurationList = 3FBA3679269C1E270082BED9 /* Build configuration list for PBXProject "leetcode" */;
			compatibilityVersion = "Xcode 9.3";
			developmentRegion = en;
			hasScannedForEncodings = 0;
			knownRegions = (
				en,
				Base,
			);
			mainGroup = 3FBA3675269C1E260082BED9;
			productRefGroup = 3FBA367F269C1E270082BED9 /* Products */;
			projectDirPath = "";
			projectRoot = "";
			targets = (
				3FBA367D269C1E270082BED9 /* leetcode */,
				3F1E1BF427534EBE00E0A7A9 /* leetcodeTests */,
			);
		};
/* End PBXProject section */

/* Begin PBXResourcesBuildPhase section */
		3F1E1BF327534EBE00E0A7A9 /* Resources */ = {
			isa = PBXResourcesBuildPhase;
			buildActionMask = 2147483647;
			files = (
			);
			runOnlyForDeploymentPostprocessing = 0;
		};
		3FBA367C269C1E270082BED9 /* Resources */ = {
			isa = PBXResourcesBuildPhase;
			buildActionMask = 2147483647;
			files = (
				3FBA36A1269C2DB90082BED9 /* README.md in Resources */,
				3FBA368E269C1E2A0082BED9 /* LaunchScreen.storyboard in Resources */,
				3FB90570272AF284002B9A13 /* README.md in Resources */,
				3FB7159F27574FFD005A4176 /* README.md in Resources */,
				3F948B6A275DF30E00DE9132 /* README.md in Resources */,
				3F3BD1D9275A085100FBE743 /* README.md in Resources */,
				3FBA368B269C1E2A0082BED9 /* Assets.xcassets in Resources */,
				3FDCF4D5274D3371004FCFB6 /* README.md in Resources */,
				3F1712632758A56200295C29 /* README.md in Resources */,
				3F3BE4B626E8B2F000632503 /* README.md in Resources */,
				3F1E1BEE2753496900E0A7A9 /* README.md in Resources */,
				3FE9A0AC275BB39B0069668D /* README.md in Resources */,
				3F17126027587CF200295C29 /* README.md in Resources */,
				3F9D5D6D275D05D7009F4D0C /* README.md in Resources */,
				3F1E1BE427526D6000E0A7A9 /* README.md in Resources */,
				3FE9A0B1275BBB0D0069668D /* README.md in Resources */,
				3FBA369E269C27BB0082BED9 /* README.md in Resources */,
				3F1712682758F4CD00295C29 /* README.md in Resources */,
				3FDCF4D0274CE8EE004FCFB6 /* README.md in Resources */,
				3F3BD1DE275A19DA00FBE743 /* README.md in Resources */,
				3FBA3697269C1E7D0082BED9 /* README.md in Resources */,
				3F3C8E2126EE4B9600E419C2 /* README.md in Resources */,
				3F948B6F275E521300DE9132 /* README.md in Resources */,
				3F1E1BE9275346D500E0A7A9 /* README.md in Resources */,
				3FEC954E2755046500CCD88E /* README.md in Resources */,
				3F1E1BB9274F826D00E0A7A9 /* README.md in Resources */,
				3F3C8E1C26EA08A100E419C2 /* README.md in Resources */,
				3FB5D428272EF5E9007EDB71 /* README.md in Resources */,
				3F1E1BBD2750840D00E0A7A9 /* MergeTwoLists.gif in Resources */,
				3F326B45275670FF004F27C5 /* 最长回文串.jpg in Resources */,
				3FB715A427576ED9005A4176 /* README.md in Resources */,
				3FBA3689269C1E270082BED9 /* Main.storyboard in Resources */,
			);
			runOnlyForDeploymentPostprocessing = 0;
		};
/* End PBXResourcesBuildPhase section */

/* Begin PBXSourcesBuildPhase section */
		3F1E1BF127534EBE00E0A7A9 /* Sources */ = {
			isa = PBXSourcesBuildPhase;
			buildActionMask = 2147483647;
			files = (
				3F1E1BF827534EBF00E0A7A9 /* leetcodeTests.swift in Sources */,
			);
			runOnlyForDeploymentPostprocessing = 0;
		};
		3FBA367A269C1E270082BED9 /* Sources */ = {
			isa = PBXSourcesBuildPhase;
			buildActionMask = 2147483647;
			files = (
				3FB715A92757C665005A4176 /* SearchInsertPosition.swift in Sources */,
				3F81B53C269E97A4007C996F /* LongestPalindromicSubstring.swift in Sources */,
				3FEC954C2755043E00CCD88E /* MergeSortedArray.swift in Sources */,
				3FE9A0A9275BB2A40069668D /* ReverseString.swift in Sources */,
				3F1E1BE227526D4F00E0A7A9 /* SwapNodesinPairs.swift in Sources */,
				3F3BD1E0275A1A0300FBE743 /* 0167.TwoSumInputArray.swift in Sources */,
				3F9D5D6F275D0623009F4D0C /* RemoveNthNodeEndList.swift in Sources */,
				3FBA3686269C1E270082BED9 /* ViewController.swift in Sources */,
				3FBA369C269C27B40082BED9 /* IntersectionofTwoLinkedLists.swift in Sources */,
				3FDCF4D3274D3341004FCFB6 /* ConstructBinaryTreeInorderPostorder.swift in Sources */,
				3F948B6C275DF3D400DE9132 /* LongestSubstringWithoutRepeatingCharacters.swift in Sources */,
				3FBA3682269C1E270082BED9 /* AppDelegate.swift in Sources */,
				3F413999269DF4450094800A /* InvertTree.swift in Sources */,
				3F9E1DEF2758FB23000B88CC /* RotateArray.swift in Sources */,
				3F3C8E1E26EA08CD00E419C2 /* 94. BinaryTreeInorderTraversal.swift in Sources */,
				3F1E1BBB274F82AC00E0A7A9 /* MergeTwoSortedLists.swift in Sources */,
				3F3BE4B826E8B31800632503 /* ReverseLinkedList.swift in Sources */,
				3FB5D42A272EF812007EDB71 /* MaximumSubarray.swift in Sources */,
				3F3BD1DB275A0FAF00FBE743 /* MoveZeroes.swift in Sources */,
				3F413996269DEEAE0094800A /* FindDuplicates.swift in Sources */,
				3FB9056E272AF26C002B9A13 /* NQueens.swift in Sources */,
				3FB715A127575046005A4176 /* BinarySearch.swift in Sources */,
				3F1E1BE7275346C800E0A7A9 /* SortList.swift in Sources */,
				3F1E1C00275378F100E0A7A9 /* ListNode.swift in Sources */,
				3F1E1BEC2753495E00E0A7A9 /* MiddleoftheLinkedList.swift in Sources */,
				3F413992269DE66E0094800A /* RepeatNumber.swift in Sources */,
				3F948B71275E601D00DE9132 /* PermutationinString.swift in Sources */,
				3FE9A0AF275BB4BC0069668D /* ReverseWordsinStringIII.swift in Sources */,
				3FBA3699269C1EF80082BED9 /* TwoSum.swift in Sources */,
				3FDCF4CE274CE8C5004FCFB6 /* 0105.ConstructBinaryTreefromPreorderandInorderTraversal.swift in Sources */,
				3F1712652758A57400295C29 /* SquaresofaSortedArray.swift in Sources */,
				3FB715A62757BFA4005A4176 /* FirstBadVersion.swift in Sources */,
				3F3C8E2326EE4CAC00E419C2 /* ThreeSum.swift in Sources */,
				3FBA3684269C1E270082BED9 /* SceneDelegate.swift in Sources */,
			);
			runOnlyForDeploymentPostprocessing = 0;
		};
/* End PBXSourcesBuildPhase section */

/* Begin PBXTargetDependency section */
		3F1E1BFB27534EBF00E0A7A9 /* PBXTargetDependency */ = {
			isa = PBXTargetDependency;
			target = 3FBA367D269C1E270082BED9 /* leetcode */;
			targetProxy = 3F1E1BFA27534EBF00E0A7A9 /* PBXContainerItemProxy */;
		};
/* End PBXTargetDependency section */

/* Begin PBXVariantGroup section */
		3FBA3687269C1E270082BED9 /* Main.storyboard */ = {
			isa = PBXVariantGroup;
			children = (
				3FBA3688269C1E270082BED9 /* Base */,
			);
			name = Main.storyboard;
			sourceTree = "<group>";
		};
		3FBA368C269C1E2A0082BED9 /* LaunchScreen.storyboard */ = {
			isa = PBXVariantGroup;
			children = (
				3FBA368D269C1E2A0082BED9 /* Base */,
			);
			name = LaunchScreen.storyboard;
			sourceTree = "<group>";
		};
/* End PBXVariantGroup section */

/* Begin XCBuildConfiguration section */
		3F1E1BFD27534EBF00E0A7A9 /* Debug */ = {
			isa = XCBuildConfiguration;
			buildSettings = {
				BUNDLE_LOADER = "$(TEST_HOST)";
				CODE_SIGN_STYLE = Automatic;
				DEVELOPMENT_TEAM = 8DMV8KYPEW;
				INFOPLIST_FILE = leetcodeTests/Info.plist;
				LD_RUNPATH_SEARCH_PATHS = (
					"$(inherited)",
					"@executable_path/Frameworks",
					"@loader_path/Frameworks",
				);
				PRODUCT_BUNDLE_IDENTIFIER = com.ioslearning.swift.leetcodeTests;
				PRODUCT_NAME = "$(TARGET_NAME)";
				SWIFT_VERSION = 5.0;
				TARGETED_DEVICE_FAMILY = "1,2";
				TEST_HOST = "$(BUILT_PRODUCTS_DIR)/leetcode.app/leetcode";
			};
			name = Debug;
		};
		3F1E1BFE27534EBF00E0A7A9 /* Release */ = {
			isa = XCBuildConfiguration;
			buildSettings = {
				BUNDLE_LOADER = "$(TEST_HOST)";
				CODE_SIGN_STYLE = Automatic;
				DEVELOPMENT_TEAM = 8DMV8KYPEW;
				INFOPLIST_FILE = leetcodeTests/Info.plist;
				LD_RUNPATH_SEARCH_PATHS = (
					"$(inherited)",
					"@executable_path/Frameworks",
					"@loader_path/Frameworks",
				);
				PRODUCT_BUNDLE_IDENTIFIER = com.ioslearning.swift.leetcodeTests;
				PRODUCT_NAME = "$(TARGET_NAME)";
				SWIFT_VERSION = 5.0;
				TARGETED_DEVICE_FAMILY = "1,2";
				TEST_HOST = "$(BUILT_PRODUCTS_DIR)/leetcode.app/leetcode";
			};
			name = Release;
		};
		3FBA3690269C1E2A0082BED9 /* Debug */ = {
			isa = XCBuildConfiguration;
			buildSettings = {
				ALWAYS_SEARCH_USER_PATHS = NO;
				CLANG_ANALYZER_NONNULL = YES;
				CLANG_ANALYZER_NUMBER_OBJECT_CONVERSION = YES_AGGRESSIVE;
				CLANG_CXX_LANGUAGE_STANDARD = "gnu++14";
				CLANG_CXX_LIBRARY = "libc++";
				CLANG_ENABLE_MODULES = YES;
				CLANG_ENABLE_OBJC_ARC = YES;
				CLANG_ENABLE_OBJC_WEAK = YES;
				CLANG_WARN_BLOCK_CAPTURE_AUTORELEASING = YES;
				CLANG_WARN_BOOL_CONVERSION = YES;
				CLANG_WARN_COMMA = YES;
				CLANG_WARN_CONSTANT_CONVERSION = YES;
				CLANG_WARN_DEPRECATED_OBJC_IMPLEMENTATIONS = YES;
				CLANG_WARN_DIRECT_OBJC_ISA_USAGE = YES_ERROR;
				CLANG_WARN_DOCUMENTATION_COMMENTS = YES;
				CLANG_WARN_EMPTY_BODY = YES;
				CLANG_WARN_ENUM_CONVERSION = YES;
				CLANG_WARN_INFINITE_RECURSION = YES;
				CLANG_WARN_INT_CONVERSION = YES;
				CLANG_WARN_NON_LITERAL_NULL_CONVERSION = YES;
				CLANG_WARN_OBJC_IMPLICIT_RETAIN_SELF = YES;
				CLANG_WARN_OBJC_LITERAL_CONVERSION = YES;
				CLANG_WARN_OBJC_ROOT_CLASS = YES_ERROR;
				CLANG_WARN_QUOTED_INCLUDE_IN_FRAMEWORK_HEADER = YES;
				CLANG_WARN_RANGE_LOOP_ANALYSIS = YES;
				CLANG_WARN_STRICT_PROTOTYPES = YES;
				CLANG_WARN_SUSPICIOUS_MOVE = YES;
				CLANG_WARN_UNGUARDED_AVAILABILITY = YES_AGGRESSIVE;
				CLANG_WARN_UNREACHABLE_CODE = YES;
				CLANG_WARN__DUPLICATE_METHOD_MATCH = YES;
				COPY_PHASE_STRIP = NO;
				DEBUG_INFORMATION_FORMAT = dwarf;
				ENABLE_STRICT_OBJC_MSGSEND = YES;
				ENABLE_TESTABILITY = YES;
				GCC_C_LANGUAGE_STANDARD = gnu11;
				GCC_DYNAMIC_NO_PIC = NO;
				GCC_NO_COMMON_BLOCKS = YES;
				GCC_OPTIMIZATION_LEVEL = 0;
				GCC_PREPROCESSOR_DEFINITIONS = (
					"DEBUG=1",
					"$(inherited)",
				);
				GCC_WARN_64_TO_32_BIT_CONVERSION = YES;
				GCC_WARN_ABOUT_RETURN_TYPE = YES_ERROR;
				GCC_WARN_UNDECLARED_SELECTOR = YES;
				GCC_WARN_UNINITIALIZED_AUTOS = YES_AGGRESSIVE;
				GCC_WARN_UNUSED_FUNCTION = YES;
				GCC_WARN_UNUSED_VARIABLE = YES;
				IPHONEOS_DEPLOYMENT_TARGET = 14.5;
				MTL_ENABLE_DEBUG_INFO = INCLUDE_SOURCE;
				MTL_FAST_MATH = YES;
				ONLY_ACTIVE_ARCH = YES;
				SDKROOT = iphoneos;
				SWIFT_ACTIVE_COMPILATION_CONDITIONS = DEBUG;
				SWIFT_OPTIMIZATION_LEVEL = "-Onone";
			};
			name = Debug;
		};
		3FBA3691269C1E2A0082BED9 /* Release */ = {
			isa = XCBuildConfiguration;
			buildSettings = {
				ALWAYS_SEARCH_USER_PATHS = NO;
				CLANG_ANALYZER_NONNULL = YES;
				CLANG_ANALYZER_NUMBER_OBJECT_CONVERSION = YES_AGGRESSIVE;
				CLANG_CXX_LANGUAGE_STANDARD = "gnu++14";
				CLANG_CXX_LIBRARY = "libc++";
				CLANG_ENABLE_MODULES = YES;
				CLANG_ENABLE_OBJC_ARC = YES;
				CLANG_ENABLE_OBJC_WEAK = YES;
				CLANG_WARN_BLOCK_CAPTURE_AUTORELEASING = YES;
				CLANG_WARN_BOOL_CONVERSION = YES;
				CLANG_WARN_COMMA = YES;
				CLANG_WARN_CONSTANT_CONVERSION = YES;
				CLANG_WARN_DEPRECATED_OBJC_IMPLEMENTATIONS = YES;
				CLANG_WARN_DIRECT_OBJC_ISA_USAGE = YES_ERROR;
				CLANG_WARN_DOCUMENTATION_COMMENTS = YES;
				CLANG_WARN_EMPTY_BODY = YES;
				CLANG_WARN_ENUM_CONVERSION = YES;
				CLANG_WARN_INFINITE_RECURSION = YES;
				CLANG_WARN_INT_CONVERSION = YES;
				CLANG_WARN_NON_LITERAL_NULL_CONVERSION = YES;
				CLANG_WARN_OBJC_IMPLICIT_RETAIN_SELF = YES;
				CLANG_WARN_OBJC_LITERAL_CONVERSION = YES;
				CLANG_WARN_OBJC_ROOT_CLASS = YES_ERROR;
				CLANG_WARN_QUOTED_INCLUDE_IN_FRAMEWORK_HEADER = YES;
				CLANG_WARN_RANGE_LOOP_ANALYSIS = YES;
				CLANG_WARN_STRICT_PROTOTYPES = YES;
				CLANG_WARN_SUSPICIOUS_MOVE = YES;
				CLANG_WARN_UNGUARDED_AVAILABILITY = YES_AGGRESSIVE;
				CLANG_WARN_UNREACHABLE_CODE = YES;
				CLANG_WARN__DUPLICATE_METHOD_MATCH = YES;
				COPY_PHASE_STRIP = NO;
				DEBUG_INFORMATION_FORMAT = "dwarf-with-dsym";
				ENABLE_NS_ASSERTIONS = NO;
				ENABLE_STRICT_OBJC_MSGSEND = YES;
				GCC_C_LANGUAGE_STANDARD = gnu11;
				GCC_NO_COMMON_BLOCKS = YES;
				GCC_WARN_64_TO_32_BIT_CONVERSION = YES;
				GCC_WARN_ABOUT_RETURN_TYPE = YES_ERROR;
				GCC_WARN_UNDECLARED_SELECTOR = YES;
				GCC_WARN_UNINITIALIZED_AUTOS = YES_AGGRESSIVE;
				GCC_WARN_UNUSED_FUNCTION = YES;
				GCC_WARN_UNUSED_VARIABLE = YES;
				IPHONEOS_DEPLOYMENT_TARGET = 14.5;
				MTL_ENABLE_DEBUG_INFO = NO;
				MTL_FAST_MATH = YES;
				SDKROOT = iphoneos;
				SWIFT_COMPILATION_MODE = wholemodule;
				SWIFT_OPTIMIZATION_LEVEL = "-O";
				VALIDATE_PRODUCT = YES;
			};
			name = Release;
		};
		3FBA3693269C1E2A0082BED9 /* Debug */ = {
			isa = XCBuildConfiguration;
			buildSettings = {
				ASSETCATALOG_COMPILER_APPICON_NAME = AppIcon;
				ASSETCATALOG_COMPILER_GLOBAL_ACCENT_COLOR_NAME = AccentColor;
				CODE_SIGN_STYLE = Automatic;
				DEVELOPMENT_TEAM = 8DMV8KYPEW;
				INFOPLIST_FILE = leetcode/Info.plist;
				LD_RUNPATH_SEARCH_PATHS = (
					"$(inherited)",
					"@executable_path/Frameworks",
				);
				PRODUCT_BUNDLE_IDENTIFIER = com.ioslearning.swift.leetcode;
				PRODUCT_NAME = "$(TARGET_NAME)";
				SWIFT_VERSION = 5.0;
				TARGETED_DEVICE_FAMILY = "1,2";
			};
			name = Debug;
		};
		3FBA3694269C1E2A0082BED9 /* Release */ = {
			isa = XCBuildConfiguration;
			buildSettings = {
				ASSETCATALOG_COMPILER_APPICON_NAME = AppIcon;
				ASSETCATALOG_COMPILER_GLOBAL_ACCENT_COLOR_NAME = AccentColor;
				CODE_SIGN_STYLE = Automatic;
				DEVELOPMENT_TEAM = 8DMV8KYPEW;
				INFOPLIST_FILE = leetcode/Info.plist;
				LD_RUNPATH_SEARCH_PATHS = (
					"$(inherited)",
					"@executable_path/Frameworks",
				);
				PRODUCT_BUNDLE_IDENTIFIER = com.ioslearning.swift.leetcode;
				PRODUCT_NAME = "$(TARGET_NAME)";
				SWIFT_VERSION = 5.0;
				TARGETED_DEVICE_FAMILY = "1,2";
			};
			name = Release;
		};
/* End XCBuildConfiguration section */

/* Begin XCConfigurationList section */
		3F1E1BFC27534EBF00E0A7A9 /* Build configuration list for PBXNativeTarget "leetcodeTests" */ = {
			isa = XCConfigurationList;
			buildConfigurations = (
				3F1E1BFD27534EBF00E0A7A9 /* Debug */,
				3F1E1BFE27534EBF00E0A7A9 /* Release */,
			);
			defaultConfigurationIsVisible = 0;
			defaultConfigurationName = Release;
		};
		3FBA3679269C1E270082BED9 /* Build configuration list for PBXProject "leetcode" */ = {
			isa = XCConfigurationList;
			buildConfigurations = (
				3FBA3690269C1E2A0082BED9 /* Debug */,
				3FBA3691269C1E2A0082BED9 /* Release */,
			);
			defaultConfigurationIsVisible = 0;
			defaultConfigurationName = Release;
		};
		3FBA3692269C1E2A0082BED9 /* Build configuration list for PBXNativeTarget "leetcode" */ = {
			isa = XCConfigurationList;
			buildConfigurations = (
				3FBA3693269C1E2A0082BED9 /* Debug */,
				3FBA3694269C1E2A0082BED9 /* Release */,
			);
			defaultConfigurationIsVisible = 0;
			defaultConfigurationName = Release;
		};
/* End XCConfigurationList section */
	};
	rootObject = 3FBA3676269C1E260082BED9 /* Project object */;
}
